{
  "name": "fortigate-autoscale-azure-funcapp",
  "version": "1.0.0",
  "lockfileVersion": 1,
  "requires": true,
  "dependencies": {
    "fortigate-autoscale": {
      "version": "git+https://github.com/fortinet/fortigate-autoscale.git#366c8f46c4534a7876824e92dccc0d917c826cc0",
      "from": "git+https://github.com/fortinet/fortigate-autoscale.git"
    }
  }
}
